id: EnvolventeComplejaQAM
label: EnvolventeCompleja QAM
category: '[Modulos_J1BG06]'

parameters:
-   id: Ac
    label: amplitud portadora
    dtype: real
    default: '1'
    hide: none

inputs:
-   label: m1(t)
    dtype: float
    vlen: 1
-   label: m2(t)
    dtype: float
    vlen: 1

outputs:
-   label: out
    dtype: complex
    vlen: 1

templates:
    imports: 'from EnvolventeComplejaQAM import EnvolventeComplejaQAM  # grc-generated
        hier_block'
    make: "EnvolventeComplejaQAM(\n    Ac=${ Ac },\n)"
    callbacks:
    - set_Ac(${ Ac })

documentation: 'J&V

    /home/labcom/Documentos/LabJ1B_G06/Lab3/EnvolventeComplejaQAM.py'
grc_source: /home/labcom/Documentos/LabJ1B_G06/Lab3/EnvolventeComplejaQAM.grc

file_format: 1
