id: ModuladorAM
label: ModuladorAM
category: '[Modulos_J1BG06]'

parameters:
-   id: Ac
    label: Amplitud portadora
    dtype: real
    default: '1'
    hide: none
-   id: ka
    label: Coeficiente ka
    dtype: real
    default: '1'
    hide: none

inputs:
-   label: m(t)
    dtype: float
    vlen: 1

outputs:
-   label: s(t)
    dtype: complex
    vlen: 1

templates:
    imports: 'from ModuladorAM import ModuladorAM  # grc-generated hier_block'
    make: "ModuladorAM(\n    Ac=${ Ac },\n    ka=${ ka },\n)"
    callbacks:
    - set_Ac(${ Ac })
    - set_ka(${ ka })

documentation: 'J&V

    /home/labcom/Documentos/LabJ1B_G06/Lab3/ModuladorAM.py'
grc_source: /home/labcom/Documentos/LabJ1B_G06/Lab3/ModuladorAM.grc

file_format: 1
